// !$*UTF8*$!
{
	archiveVersion = 1;
	classes = {
	};
	objectVersion = 46;
	objects = {

/* Begin PBXBuildFile section */
		7C190B571C9A584A00B322D9 /* Bat.wav in Resources */ = {isa = PBXBuildFile; fileRef = 7C190B561C9A584A00B322D9 /* Bat.wav */; };
		7C190B591C9A6F2E00B322D9 /* Pong.wav in Resources */ = {isa = PBXBuildFile; fileRef = 7C190B581C9A6F2E00B322D9 /* Pong.wav */; };
		7C190B5B1C9A6F9900B322D9 /* Popped.wav in Resources */ = {isa = PBXBuildFile; fileRef = 7C190B5A1C9A6F9900B322D9 /* Popped.wav */; };
		7C190B5D1C9A705100B322D9 /* Flick.wav in Resources */ = {isa = PBXBuildFile; fileRef = 7C190B5C1C9A705100B322D9 /* Flick.wav */; };
		7C190B5F1C9E02BA00B322D9 /* (null) in Sources */ = {isa = PBXBuildFile; };
		7C191A5B1C9F4E7A006DB843 /* (null) in Sources */ = {isa = PBXBuildFile; };
		7C5FFD3E1C8E8C2B002599A0 /* CustomTabBarViewController.swift in Sources */ = {isa = PBXBuildFile; fileRef = 7C5FFD3D1C8E8C2B002599A0 /* CustomTabBarViewController.swift */; };
		7C6076601CA0E51B00ED6F66 /* NewSettingsViewController.swift in Sources */ = {isa = PBXBuildFile; fileRef = 7C60765F1CA0E51B00ED6F66 /* NewSettingsViewController.swift */; };
		DA6E4B111C7D414500F74CD4 /* NSDate+Goals.swift in Sources */ = {isa = PBXBuildFile; fileRef = DA6E4B101C7D414500F74CD4 /* NSDate+Goals.swift */; };
		DA6E4B131C7D453700F74CD4 /* DataModel.swift in Sources */ = {isa = PBXBuildFile; fileRef = DA6E4B121C7D453700F74CD4 /* DataModel.swift */; };
		DA9347851C763A0F00A9FCF3 /* AppDelegate.swift in Sources */ = {isa = PBXBuildFile; fileRef = DA9347841C763A0F00A9FCF3 /* AppDelegate.swift */; };
		DA93478A1C763A0F00A9FCF3 /* Main.storyboard in Resources */ = {isa = PBXBuildFile; fileRef = DA9347881C763A0F00A9FCF3 /* Main.storyboard */; };
		DA93478C1C763A0F00A9FCF3 /* Assets.xcassets in Resources */ = {isa = PBXBuildFile; fileRef = DA93478B1C763A0F00A9FCF3 /* Assets.xcassets */; };
		DA93478F1C763A0F00A9FCF3 /* LaunchScreen.storyboard in Resources */ = {isa = PBXBuildFile; fileRef = DA93478D1C763A0F00A9FCF3 /* LaunchScreen.storyboard */; };
		DA93479A1C763A0F00A9FCF3 /* GoalsTests.swift in Sources */ = {isa = PBXBuildFile; fileRef = DA9347991C763A0F00A9FCF3 /* GoalsTests.swift */; };
		DA9347A51C763A0F00A9FCF3 /* GoalsUITests.swift in Sources */ = {isa = PBXBuildFile; fileRef = DA9347A41C763A0F00A9FCF3 /* GoalsUITests.swift */; };
		DA9347B31C763C9500A9FCF3 /* TodosViewController.swift in Sources */ = {isa = PBXBuildFile; fileRef = DA9347B21C763C9500A9FCF3 /* TodosViewController.swift */; };
		DA9347B51C763D0600A9FCF3 /* ToDoItem.swift in Sources */ = {isa = PBXBuildFile; fileRef = DA9347B41C763D0600A9FCF3 /* ToDoItem.swift */; };
		DAB9E7001C7903FD00FF321A /* TableViewCell.swift in Sources */ = {isa = PBXBuildFile; fileRef = DAB9E6FF1C7903FD00FF321A /* TableViewCell.swift */; };
/* End PBXBuildFile section */

/* Begin PBXContainerItemProxy section */
		DA9347961C763A0F00A9FCF3 /* PBXContainerItemProxy */ = {
			isa = PBXContainerItemProxy;
			containerPortal = DA9347791C763A0F00A9FCF3 /* Project object */;
			proxyType = 1;
			remoteGlobalIDString = DA9347801C763A0F00A9FCF3;
			remoteInfo = Goals;
		};
		DA9347A11C763A0F00A9FCF3 /* PBXContainerItemProxy */ = {
			isa = PBXContainerItemProxy;
			containerPortal = DA9347791C763A0F00A9FCF3 /* Project object */;
			proxyType = 1;
			remoteGlobalIDString = DA9347801C763A0F00A9FCF3;
			remoteInfo = Goals;
		};
/* End PBXContainerItemProxy section */

/* Begin PBXFileReference section */
		7C190B561C9A584A00B322D9 /* Bat.wav */ = {isa = PBXFileReference; lastKnownFileType = audio.wav; path = Bat.wav; sourceTree = "<group>"; };
		7C190B581C9A6F2E00B322D9 /* Pong.wav */ = {isa = PBXFileReference; lastKnownFileType = audio.wav; path = Pong.wav; sourceTree = "<group>"; };
		7C190B5A1C9A6F9900B322D9 /* Popped.wav */ = {isa = PBXFileReference; lastKnownFileType = audio.wav; path = Popped.wav; sourceTree = "<group>"; };
		7C190B5C1C9A705100B322D9 /* Flick.wav */ = {isa = PBXFileReference; lastKnownFileType = audio.wav; name = Flick.wav; path = ../Flick.wav; sourceTree = "<group>"; };
		7C5FFD3D1C8E8C2B002599A0 /* CustomTabBarViewController.swift */ = {isa = PBXFileReference; fileEncoding = 4; lastKnownFileType = sourcecode.swift; path = CustomTabBarViewController.swift; sourceTree = "<group>"; };
		7C60765F1CA0E51B00ED6F66 /* NewSettingsViewController.swift */ = {isa = PBXFileReference; fileEncoding = 4; lastKnownFileType = sourcecode.swift; path = NewSettingsViewController.swift; sourceTree = "<group>"; };
		DA6E4B101C7D414500F74CD4 /* NSDate+Goals.swift */ = {isa = PBXFileReference; fileEncoding = 4; lastKnownFileType = sourcecode.swift; path = "NSDate+Goals.swift"; sourceTree = "<group>"; };
		DA6E4B121C7D453700F74CD4 /* DataModel.swift */ = {isa = PBXFileReference; fileEncoding = 4; lastKnownFileType = sourcecode.swift; path = DataModel.swift; sourceTree = "<group>"; };
		DA9347811C763A0F00A9FCF3 /* Perspective.app */ = {isa = PBXFileReference; explicitFileType = wrapper.application; includeInIndex = 0; path = Perspective.app; sourceTree = BUILT_PRODUCTS_DIR; };
		DA9347841C763A0F00A9FCF3 /* AppDelegate.swift */ = {isa = PBXFileReference; lastKnownFileType = sourcecode.swift; path = AppDelegate.swift; sourceTree = "<group>"; };
		DA9347891C763A0F00A9FCF3 /* Base */ = {isa = PBXFileReference; lastKnownFileType = file.storyboard; name = Base; path = Base.lproj/Main.storyboard; sourceTree = "<group>"; };
		DA93478B1C763A0F00A9FCF3 /* Assets.xcassets */ = {isa = PBXFileReference; lastKnownFileType = folder.assetcatalog; path = Assets.xcassets; sourceTree = "<group>"; };
		DA93478E1C763A0F00A9FCF3 /* Base */ = {isa = PBXFileReference; lastKnownFileType = file.storyboard; name = Base; path = Base.lproj/LaunchScreen.storyboard; sourceTree = "<group>"; };
		DA9347901C763A0F00A9FCF3 /* Info.plist */ = {isa = PBXFileReference; lastKnownFileType = text.plist.xml; path = Info.plist; sourceTree = "<group>"; };
		DA9347951C763A0F00A9FCF3 /* PerspectiveTests.xctest */ = {isa = PBXFileReference; explicitFileType = wrapper.cfbundle; includeInIndex = 0; path = PerspectiveTests.xctest; sourceTree = BUILT_PRODUCTS_DIR; };
		DA9347991C763A0F00A9FCF3 /* GoalsTests.swift */ = {isa = PBXFileReference; lastKnownFileType = sourcecode.swift; path = GoalsTests.swift; sourceTree = "<group>"; };
		DA93479B1C763A0F00A9FCF3 /* Info.plist */ = {isa = PBXFileReference; lastKnownFileType = text.plist.xml; path = Info.plist; sourceTree = "<group>"; };
		DA9347A01C763A0F00A9FCF3 /* PerspectiveTests.xctest */ = {isa = PBXFileReference; explicitFileType = wrapper.cfbundle; includeInIndex = 0; path = PerspectiveTests.xctest; sourceTree = BUILT_PRODUCTS_DIR; };
		DA9347A41C763A0F00A9FCF3 /* GoalsUITests.swift */ = {isa = PBXFileReference; lastKnownFileType = sourcecode.swift; path = GoalsUITests.swift; sourceTree = "<group>"; };
		DA9347A61C763A0F00A9FCF3 /* Info.plist */ = {isa = PBXFileReference; lastKnownFileType = text.plist.xml; path = Info.plist; sourceTree = "<group>"; };
		DA9347B21C763C9500A9FCF3 /* TodosViewController.swift */ = {isa = PBXFileReference; fileEncoding = 4; lastKnownFileType = sourcecode.swift; path = TodosViewController.swift; sourceTree = "<group>"; };
		DA9347B41C763D0600A9FCF3 /* ToDoItem.swift */ = {isa = PBXFileReference; fileEncoding = 4; lastKnownFileType = sourcecode.swift; path = ToDoItem.swift; sourceTree = "<group>"; };
		DAB9E6FF1C7903FD00FF321A /* TableViewCell.swift */ = {isa = PBXFileReference; fileEncoding = 4; lastKnownFileType = sourcecode.swift; path = TableViewCell.swift; sourceTree = "<group>"; };
/* End PBXFileReference section */

/* Begin PBXFrameworksBuildPhase section */
		DA93477E1C763A0F00A9FCF3 /* Frameworks */ = {
			isa = PBXFrameworksBuildPhase;
			buildActionMask = 2147483647;
			files = (
			);
			runOnlyForDeploymentPostprocessing = 0;
		};
		DA9347921C763A0F00A9FCF3 /* Frameworks */ = {
			isa = PBXFrameworksBuildPhase;
			buildActionMask = 2147483647;
			files = (
			);
			runOnlyForDeploymentPostprocessing = 0;
		};
		DA93479D1C763A0F00A9FCF3 /* Frameworks */ = {
			isa = PBXFrameworksBuildPhase;
			buildActionMask = 2147483647;
			files = (
			);
			runOnlyForDeploymentPostprocessing = 0;
		};
/* End PBXFrameworksBuildPhase section */

/* Begin PBXGroup section */
		DA9347781C763A0F00A9FCF3 = {
			isa = PBXGroup;
			children = (
				DA9347831C763A0F00A9FCF3 /* Goals */,
				DA9347981C763A0F00A9FCF3 /* GoalsTests */,
				DA9347A31C763A0F00A9FCF3 /* GoalsUITests */,
				DA9347821C763A0F00A9FCF3 /* Products */,
			);
			sourceTree = "<group>";
		};
		DA9347821C763A0F00A9FCF3 /* Products */ = {
			isa = PBXGroup;
			children = (
				DA9347811C763A0F00A9FCF3 /* Perspective.app */,
				DA9347951C763A0F00A9FCF3 /* PerspectiveTests.xctest */,
				DA9347A01C763A0F00A9FCF3 /* PerspectiveTests.xctest */,
			);
			name = Products;
			sourceTree = "<group>";
		};
		DA9347831C763A0F00A9FCF3 /* Goals */ = {
			isa = PBXGroup;
			children = (
				DA9347841C763A0F00A9FCF3 /* AppDelegate.swift */,
				DA9347881C763A0F00A9FCF3 /* Main.storyboard */,
				7C5FFD3D1C8E8C2B002599A0 /* CustomTabBarViewController.swift */,
				DA9347B21C763C9500A9FCF3 /* TodosViewController.swift */,
				DA6E4B101C7D414500F74CD4 /* NSDate+Goals.swift */,
				DAB9E6FF1C7903FD00FF321A /* TableViewCell.swift */,
				DA9347B41C763D0600A9FCF3 /* ToDoItem.swift */,
				7C60765F1CA0E51B00ED6F66 /* NewSettingsViewController.swift */,
				DA93478B1C763A0F00A9FCF3 /* Assets.xcassets */,
				DA93478D1C763A0F00A9FCF3 /* LaunchScreen.storyboard */,
				7C190B581C9A6F2E00B322D9 /* Pong.wav */,
				7C190B5C1C9A705100B322D9 /* Flick.wav */,
				7C190B561C9A584A00B322D9 /* Bat.wav */,
				7C190B5A1C9A6F9900B322D9 /* Popped.wav */,
				DA9347901C763A0F00A9FCF3 /* Info.plist */,
				DA6E4B121C7D453700F74CD4 /* DataModel.swift */,
			);
			path = Goals;
			sourceTree = "<group>";
		};
		DA9347981C763A0F00A9FCF3 /* GoalsTests */ = {
			isa = PBXGroup;
			children = (
				DA9347991C763A0F00A9FCF3 /* GoalsTests.swift */,
				DA93479B1C763A0F00A9FCF3 /* Info.plist */,
			);
			path = GoalsTests;
			sourceTree = "<group>";
		};
		DA9347A31C763A0F00A9FCF3 /* GoalsUITests */ = {
			isa = PBXGroup;
			children = (
				DA9347A41C763A0F00A9FCF3 /* GoalsUITests.swift */,
				DA9347A61C763A0F00A9FCF3 /* Info.plist */,
			);
			path = GoalsUITests;
			sourceTree = "<group>";
		};
/* End PBXGroup section */

/* Begin PBXNativeTarget section */
		DA9347801C763A0F00A9FCF3 /* Perspective */ = {
			isa = PBXNativeTarget;
			buildConfigurationList = DA9347A91C763A0F00A9FCF3 /* Build configuration list for PBXNativeTarget "Perspective" */;
			buildPhases = (
				DA93477D1C763A0F00A9FCF3 /* Sources */,
				DA93477E1C763A0F00A9FCF3 /* Frameworks */,
				DA93477F1C763A0F00A9FCF3 /* Resources */,
			);
			buildRules = (
			);
			dependencies = (
			);
			name = Perspective;
			productName = Goals;
			productReference = DA9347811C763A0F00A9FCF3 /* Perspective.app */;
			productType = "com.apple.product-type.application";
		};
		DA9347941C763A0F00A9FCF3 /* PerspectiveTests */ = {
			isa = PBXNativeTarget;
			buildConfigurationList = DA9347AC1C763A0F00A9FCF3 /* Build configuration list for PBXNativeTarget "PerspectiveTests" */;
			buildPhases = (
				DA9347911C763A0F00A9FCF3 /* Sources */,
				DA9347921C763A0F00A9FCF3 /* Frameworks */,
				DA9347931C763A0F00A9FCF3 /* Resources */,
			);
			buildRules = (
			);
			dependencies = (
				DA9347971C763A0F00A9FCF3 /* PBXTargetDependency */,
			);
			name = PerspectiveTests;
			productName = GoalsTests;
			productReference = DA9347951C763A0F00A9FCF3 /* PerspectiveTests.xctest */;
			productType = "com.apple.product-type.bundle.unit-test";
		};
		DA93479F1C763A0F00A9FCF3 /* PerspectiveUITests */ = {
			isa = PBXNativeTarget;
			buildConfigurationList = DA9347AF1C763A0F00A9FCF3 /* Build configuration list for PBXNativeTarget "PerspectiveUITests" */;
			buildPhases = (
				DA93479C1C763A0F00A9FCF3 /* Sources */,
				DA93479D1C763A0F00A9FCF3 /* Frameworks */,
				DA93479E1C763A0F00A9FCF3 /* Resources */,
			);
			buildRules = (
			);
			dependencies = (
				DA9347A21C763A0F00A9FCF3 /* PBXTargetDependency */,
			);
			name = PerspectiveUITests;
			productName = GoalsUITests;
			productReference = DA9347A01C763A0F00A9FCF3 /* PerspectiveTests.xctest */;
			productType = "com.apple.product-type.bundle.ui-testing";
		};
/* End PBXNativeTarget section */

/* Begin PBXProject section */
		DA9347791C763A0F00A9FCF3 /* Project object */ = {
			isa = PBXProject;
			attributes = {
				LastSwiftUpdateCheck = 0720;
				LastUpgradeCheck = 0720;
				ORGANIZATIONNAME = "Alex Miles";
				TargetAttributes = {
					DA9347801C763A0F00A9FCF3 = {
						CreatedOnToolsVersion = 7.2.1;
						DevelopmentTeam = BUML34KQ45;
					};
					DA9347941C763A0F00A9FCF3 = {
						CreatedOnToolsVersion = 7.2.1;
						DevelopmentTeam = LV4W8KL554;
						TestTargetID = DA9347801C763A0F00A9FCF3;
					};
					DA93479F1C763A0F00A9FCF3 = {
						CreatedOnToolsVersion = 7.2.1;
						DevelopmentTeam = LV4W8KL554;
						TestTargetID = DA9347801C763A0F00A9FCF3;
					};
				};
			};
			buildConfigurationList = DA93477C1C763A0F00A9FCF3 /* Build configuration list for PBXProject "Perspective" */;
			compatibilityVersion = "Xcode 3.2";
			developmentRegion = English;
			hasScannedForEncodings = 0;
			knownRegions = (
				en,
				Base,
			);
			mainGroup = DA9347781C763A0F00A9FCF3;
			productRefGroup = DA9347821C763A0F00A9FCF3 /* Products */;
			projectDirPath = "";
			projectRoot = "";
			targets = (
				DA9347801C763A0F00A9FCF3 /* Perspective */,
				DA9347941C763A0F00A9FCF3 /* PerspectiveTests */,
				DA93479F1C763A0F00A9FCF3 /* PerspectiveUITests */,
			);
		};
/* End PBXProject section */

/* Begin PBXResourcesBuildPhase section */
		DA93477F1C763A0F00A9FCF3 /* Resources */ = {
			isa = PBXResourcesBuildPhase;
			buildActionMask = 2147483647;
			files = (
				7C190B5B1C9A6F9900B322D9 /* Popped.wav in Resources */,
				DA93478F1C763A0F00A9FCF3 /* LaunchScreen.storyboard in Resources */,
				7C190B5D1C9A705100B322D9 /* Flick.wav in Resources */,
				7C190B591C9A6F2E00B322D9 /* Pong.wav in Resources */,
				DA93478C1C763A0F00A9FCF3 /* Assets.xcassets in Resources */,
				7C190B571C9A584A00B322D9 /* Bat.wav in Resources */,
				DA93478A1C763A0F00A9FCF3 /* Main.storyboard in Resources */,
			);
			runOnlyForDeploymentPostprocessing = 0;
		};
		DA9347931C763A0F00A9FCF3 /* Resources */ = {
			isa = PBXResourcesBuildPhase;
			buildActionMask = 2147483647;
			files = (
			);
			runOnlyForDeploymentPostprocessing = 0;
		};
		DA93479E1C763A0F00A9FCF3 /* Resources */ = {
			isa = PBXResourcesBuildPhase;
			buildActionMask = 2147483647;
			files = (
			);
			runOnlyForDeploymentPostprocessing = 0;
		};
/* End PBXResourcesBuildPhase section */

/* Begin PBXSourcesBuildPhase section */
		DA93477D1C763A0F00A9FCF3 /* Sources */ = {
			isa = PBXSourcesBuildPhase;
			buildActionMask = 2147483647;
			files = (
				DA6E4B111C7D414500F74CD4 /* NSDate+Goals.swift in Sources */,
				DAB9E7001C7903FD00FF321A /* TableViewCell.swift in Sources */,
				DA9347851C763A0F00A9FCF3 /* AppDelegate.swift in Sources */,
				DA9347B51C763D0600A9FCF3 /* ToDoItem.swift in Sources */,
				7C6076601CA0E51B00ED6F66 /* NewSettingsViewController.swift in Sources */,
				7C5FFD3E1C8E8C2B002599A0 /* CustomTabBarViewController.swift in Sources */,
				DA9347B31C763C9500A9FCF3 /* TodosViewController.swift in Sources */,
				DA6E4B131C7D453700F74CD4 /* DataModel.swift in Sources */,
				7C191A5B1C9F4E7A006DB843 /* (null) in Sources */,
				7C190B5F1C9E02BA00B322D9 /* (null) in Sources */,
			);
			runOnlyForDeploymentPostprocessing = 0;
		};
		DA9347911C763A0F00A9FCF3 /* Sources */ = {
			isa = PBXSourcesBuildPhase;
			buildActionMask = 2147483647;
			files = (
				DA93479A1C763A0F00A9FCF3 /* GoalsTests.swift in Sources */,
			);
			runOnlyForDeploymentPostprocessing = 0;
		};
		DA93479C1C763A0F00A9FCF3 /* Sources */ = {
			isa = PBXSourcesBuildPhase;
			buildActionMask = 2147483647;
			files = (
				DA9347A51C763A0F00A9FCF3 /* GoalsUITests.swift in Sources */,
			);
			runOnlyForDeploymentPostprocessing = 0;
		};
/* End PBXSourcesBuildPhase section */

/* Begin PBXTargetDependency section */
		DA9347971C763A0F00A9FCF3 /* PBXTargetDependency */ = {
			isa = PBXTargetDependency;
			target = DA9347801C763A0F00A9FCF3 /* Perspective */;
			targetProxy = DA9347961C763A0F00A9FCF3 /* PBXContainerItemProxy */;
		};
		DA9347A21C763A0F00A9FCF3 /* PBXTargetDependency */ = {
			isa = PBXTargetDependency;
			target = DA9347801C763A0F00A9FCF3 /* Perspective */;
			targetProxy = DA9347A11C763A0F00A9FCF3 /* PBXContainerItemProxy */;
		};
/* End PBXTargetDependency section */

/* Begin PBXVariantGroup section */
		DA9347881C763A0F00A9FCF3 /* Main.storyboard */ = {
			isa = PBXVariantGroup;
			children = (
				DA9347891C763A0F00A9FCF3 /* Base */,
			);
			name = Main.storyboard;
			sourceTree = "<group>";
		};
		DA93478D1C763A0F00A9FCF3 /* LaunchScreen.storyboard */ = {
			isa = PBXVariantGroup;
			children = (
				DA93478E1C763A0F00A9FCF3 /* Base */,
			);
			name = LaunchScreen.storyboard;
			sourceTree = "<group>";
		};
/* End PBXVariantGroup section */

/* Begin XCBuildConfiguration section */
		DA9347A71C763A0F00A9FCF3 /* Debug */ = {
			isa = XCBuildConfiguration;
			buildSettings = {
				ALWAYS_SEARCH_USER_PATHS = NO;
				CLANG_CXX_LANGUAGE_STANDARD = "gnu++0x";
				CLANG_CXX_LIBRARY = "libc++";
				CLANG_ENABLE_MODULES = YES;
				CLANG_ENABLE_OBJC_ARC = YES;
				CLANG_WARN_BOOL_CONVERSION = YES;
				CLANG_WARN_CONSTANT_CONVERSION = YES;
				CLANG_WARN_DIRECT_OBJC_ISA_USAGE = YES_ERROR;
				CLANG_WARN_EMPTY_BODY = YES;
				CLANG_WARN_ENUM_CONVERSION = YES;
				CLANG_WARN_INT_CONVERSION = YES;
				CLANG_WARN_OBJC_ROOT_CLASS = YES_ERROR;
				CLANG_WARN_UNREACHABLE_CODE = YES;
				CLANG_WARN__DUPLICATE_METHOD_MATCH = YES;
				"CODE_SIGN_IDENTITY[sdk=iphoneos*]" = "iPhone Distribution";
				COPY_PHASE_STRIP = NO;
				DEBUG_INFORMATION_FORMAT = dwarf;
				ENABLE_STRICT_OBJC_MSGSEND = YES;
				ENABLE_TESTABILITY = YES;
				GCC_C_LANGUAGE_STANDARD = gnu99;
				GCC_DYNAMIC_NO_PIC = NO;
				GCC_NO_COMMON_BLOCKS = YES;
				GCC_OPTIMIZATION_LEVEL = 0;
				GCC_PREPROCESSOR_DEFINITIONS = (
					"DEBUG=1",
					"$(inherited)",
				);
				GCC_WARN_64_TO_32_BIT_CONVERSION = YES;
				GCC_WARN_ABOUT_RETURN_TYPE = YES_ERROR;
				GCC_WARN_UNDECLARED_SELECTOR = YES;
				GCC_WARN_UNINITIALIZED_AUTOS = YES_AGGRESSIVE;
				GCC_WARN_UNUSED_FUNCTION = YES;
				GCC_WARN_UNUSED_VARIABLE = YES;
				IPHONEOS_DEPLOYMENT_TARGET = 9.2;
				MTL_ENABLE_DEBUG_INFO = YES;
				ONLY_ACTIVE_ARCH = YES;
				SDKROOT = iphoneos;
				SWIFT_OPTIMIZATION_LEVEL = "-Onone";
			};
			name = Debug;
		};
		DA9347A81C763A0F00A9FCF3 /* Release */ = {
			isa = XCBuildConfiguration;
			buildSettings = {
				ALWAYS_SEARCH_USER_PATHS = NO;
				CLANG_CXX_LANGUAGE_STANDARD = "gnu++0x";
				CLANG_CXX_LIBRARY = "libc++";
				CLANG_ENABLE_MODULES = YES;
				CLANG_ENABLE_OBJC_ARC = YES;
				CLANG_WARN_BOOL_CONVERSION = YES;
				CLANG_WARN_CONSTANT_CONVERSION = YES;
				CLANG_WARN_DIRECT_OBJC_ISA_USAGE = YES_ERROR;
				CLANG_WARN_EMPTY_BODY = YES;
				CLANG_WARN_ENUM_CONVERSION = YES;
				CLANG_WARN_INT_CONVERSION = YES;
				CLANG_WARN_OBJC_ROOT_CLASS = YES_ERROR;
				CLANG_WARN_UNREACHABLE_CODE = YES;
				CLANG_WARN__DUPLICATE_METHOD_MATCH = YES;
				"CODE_SIGN_IDENTITY[sdk=iphoneos*]" = "iPhone Distribution";
				COPY_PHASE_STRIP = NO;
				DEBUG_INFORMATION_FORMAT = "dwarf-with-dsym";
				ENABLE_NS_ASSERTIONS = NO;
				ENABLE_STRICT_OBJC_MSGSEND = YES;
				GCC_C_LANGUAGE_STANDARD = gnu99;
				GCC_NO_COMMON_BLOCKS = YES;
				GCC_WARN_64_TO_32_BIT_CONVERSION = YES;
				GCC_WARN_ABOUT_RETURN_TYPE = YES_ERROR;
				GCC_WARN_UNDECLARED_SELECTOR = YES;
				GCC_WARN_UNINITIALIZED_AUTOS = YES_AGGRESSIVE;
				GCC_WARN_UNUSED_FUNCTION = YES;
				GCC_WARN_UNUSED_VARIABLE = YES;
				IPHONEOS_DEPLOYMENT_TARGET = 9.2;
				MTL_ENABLE_DEBUG_INFO = NO;
				PROVISIONING_PROFILE = "";
				SDKROOT = iphoneos;
				VALIDATE_PRODUCT = YES;
			};
			name = Release;
		};
		DA9347AA1C763A0F00A9FCF3 /* Debug */ = {
			isa = XCBuildConfiguration;
			buildSettings = {
				ASSETCATALOG_COMPILER_APPICON_NAME = AppIcon;
				CODE_SIGN_IDENTITY = "iPhone Developer";
				"CODE_SIGN_IDENTITY[sdk=iphoneos*]" = "iPhone Developer";
				INFOPLIST_FILE = Goals/Info.plist;
				LD_RUNPATH_SEARCH_PATHS = "$(inherited) @executable_path/Frameworks";
				PRODUCT_BUNDLE_IDENTIFIER = com.kevingrennan.perspective;
				PRODUCT_NAME = Perspective;
				PROVISIONING_PROFILE = "";
			};
			name = Debug;
		};
		DA9347AB1C763A0F00A9FCF3 /* Release */ = {
			isa = XCBuildConfiguration;
			buildSettings = {
				ASSETCATALOG_COMPILER_APPICON_NAME = AppIcon;
				CODE_SIGN_IDENTITY = "iPhone Developer";
				"CODE_SIGN_IDENTITY[sdk=iphoneos*]" = "iPhone Developer";
				INFOPLIST_FILE = Goals/Info.plist;
				LD_RUNPATH_SEARCH_PATHS = "$(inherited) @executable_path/Frameworks";
				PRODUCT_BUNDLE_IDENTIFIER = com.kevingrennan.perspective;
				PRODUCT_NAME = Perspective;
				PROVISIONING_PROFILE = "";
			};
			name = Release;
		};
		DA9347AD1C763A0F00A9FCF3 /* Debug */ = {
			isa = XCBuildConfiguration;
			buildSettings = {
				BUNDLE_LOADER = "$(TEST_HOST)";
				INFOPLIST_FILE = GoalsTests/Info.plist;
				LD_RUNPATH_SEARCH_PATHS = "$(inherited) @executable_path/Frameworks @loader_path/Frameworks";
				PRODUCT_BUNDLE_IDENTIFIER = "Alex-Miles-Design.GoalsTests";
				PRODUCT_NAME = PerspectiveTests;
				TEST_HOST = "$(BUILT_PRODUCTS_DIR)/Perspective.app/Perspective";
			};
			name = Debug;
		};
		DA9347AE1C763A0F00A9FCF3 /* Release */ = {
			isa = XCBuildConfiguration;
			buildSettings = {
				BUNDLE_LOADER = "$(TEST_HOST)";
				INFOPLIST_FILE = GoalsTests/Info.plist;
				LD_RUNPATH_SEARCH_PATHS = "$(inherited) @executable_path/Frameworks @loader_path/Frameworks";
				PRODUCT_BUNDLE_IDENTIFIER = "Alex-Miles-Design.GoalsTests";
				PRODUCT_NAME = PerspectiveTests;
				TEST_HOST = "$(BUILT_PRODUCTS_DIR)/Perspective.app/Perspective";
			};
			name = Release;
		};
		DA9347B01C763A0F00A9FCF3 /* Debug */ = {
			isa = XCBuildConfiguration;
			buildSettings = {
				INFOPLIST_FILE = GoalsUITests/Info.plist;
				LD_RUNPATH_SEARCH_PATHS = "$(inherited) @executable_path/Frameworks @loader_path/Frameworks";
				PRODUCT_BUNDLE_IDENTIFIER = "Alex-Miles-Design.GoalsUITests";
				PRODUCT_NAME = PerspectiveTests;
				TEST_TARGET_NAME = Goals;
				USES_XCTRUNNER = YES;
			};
			name = Debug;
		};
		DA9347B11C763A0F00A9FCF3 /* Release */ = {
			isa = XCBuildConfiguration;
			buildSettings = {
				INFOPLIST_FILE = GoalsUITests/Info.plist;
				LD_RUNPATH_SEARCH_PATHS = "$(inherited) @executable_path/Frameworks @loader_path/Frameworks";
				PRODUCT_BUNDLE_IDENTIFIER = "Alex-Miles-Design.GoalsUITests";
				PRODUCT_NAME = PerspectiveTests;
				TEST_TARGET_NAME = Goals;
				USES_XCTRUNNER = YES;
			};
			name = Release;
		};
/* End XCBuildConfiguration section */

/* Begin XCConfigurationList section */
		DA93477C1C763A0F00A9FCF3 /* Build configuration list for PBXProject "Perspective" */ = {
			isa = XCConfigurationList;
			buildConfigurations = (
				DA9347A71C763A0F00A9FCF3 /* Debug */,
				DA9347A81C763A0F00A9FCF3 /* Release */,
			);
			defaultConfigurationIsVisible = 0;
			defaultConfigurationName = Release;
		};
		DA9347A91C763A0F00A9FCF3 /* Build configuration list for PBXNativeTarget "Perspective" */ = {
			isa = XCConfigurationList;
			buildConfigurations = (
				DA9347AA1C763A0F00A9FCF3 /* Debug */,
				DA9347AB1C763A0F00A9FCF3 /* Release */,
			);
			defaultConfigurationIsVisible = 0;
			defaultConfigurationName = Release;
		};
		DA9347AC1C763A0F00A9FCF3 /* Build configuration list for PBXNativeTarget "PerspectiveTests" */ = {
			isa = XCConfigurationList;
			buildConfigurations = (
				DA9347AD1C763A0F00A9FCF3 /* Debug */,
				DA9347AE1C763A0F00A9FCF3 /* Release */,
			);
			defaultConfigurationIsVisible = 0;
			defaultConfigurationName = Release;
		};
		DA9347AF1C763A0F00A9FCF3 /* Build configuration list for PBXNativeTarget "PerspectiveUITests" */ = {
			isa = XCConfigurationList;
			buildConfigurations = (
				DA9347B01C763A0F00A9FCF3 /* Debug */,
				DA9347B11C763A0F00A9FCF3 /* Release */,
			);
			defaultConfigurationIsVisible = 0;
			defaultConfigurationName = Release;
		};
/* End XCConfigurationList section */
	};
	rootObject = DA9347791C763A0F00A9FCF3 /* Project object */;
}
